{
  "name": "vue",
  "version": "2.5.17",
  "lockfileVersion": 1,
  "requires": true,
  "dependencies": {
    "lodash": {
      "version": "4.17.11",
      "resolved": "https://registry.npmjs.org/lodash/-/lodash-4.17.11.tgz",
      "integrity": "sha512-cQKh8igo5QUhZ7lg38DYWAxMvjSAKG0A8wGSVimP07SIUEK2UO+arSRKbRZWtelMtN5V0Hkwh5ryOto/SshYIg==",
      "dev": true
    },
    "vue-router": {
      "version": "3.0.3",
      "resolved": "https://registry.npmjs.org/vue-router/-/vue-router-3.0.3.tgz",
      "integrity": "sha512-62rB6GjJuyklnLL+yKST469yCYj93SXEn8rpYjxgLwv0aH/Fd6OApD8Hgi9RlraZ1OOwv3jPQvZTtf1GixYW+g=="
    },
    "vuex": {
      "version": "3.1.0",
      "resolved": "https://registry.npmjs.org/vuex/-/vuex-3.1.0.tgz",
      "integrity": "sha512-mdHeHT/7u4BncpUZMlxNaIdcN/HIt1GsGG5LKByArvYG/v6DvHcOxvDCts+7SRdCoIRGllK8IMZvQtQXLppDYg=="
    }
  }
}
